
Microsoft Visual Studio Solution File, Format Version 11.00
# Visual Studio 2010
Project("{8BC9CEB8-8B4A-11D0-8D11-00A0C91BC942}") = "Ex01_Timer", "Ex01_Timer\Ex01_Timer.vcxproj", "{CFBAEE7A-B4C2-4267-8C9E-B17020346ECE}"
EndProject
Global
	GlobalSection(SolutionConfigurationPlatforms) = preSolution
		Debug|Win32 = Debug|Win32
		Release|Win32 = Release|Win32
	EndGlobalSection
	GlobalSection(ProjectConfigurationPlatforms) = postSolution
		{CFBAEE7A-B4C2-4267-8C9E-B17020346ECE}.Debug|Win32.ActiveCfg = Debug|Win32
		{CFBAEE7A-B4C2-4267-8C9E-B17020346ECE}.Debug|Win32.Build.0 = Debug|Win32
		{CFBAEE7A-B4C2-4267-8C9E-B17020346ECE}.Release|Win32.ActiveCfg = Release|Win32
		{CFBAEE7A-B4C2-4267-8C9E-B17020346ECE}.Release|Win32.Build.0 = Release|Win32
	EndGlobalSection
	GlobalSection(SolutionProperties) = preSolution
		HideSolutionNode = FALSE
	EndGlobalSection
EndGlobal
